
Microsoft Visual Studio Solution File, Format Version 12.00
# Visual Studio Version 17
VisualStudioVersion = 17.14.36414.22 d17.14
MinimumVisualStudioVersion = 10.0.40219.1
Project("{FAE04EC0-301F-11D3-BF4B-00C04F79EFBC}") = "Akasztofa", "Akasztofa\Akasztofa.csproj", "{27EB307C-0EBD-4724-893E-9656672C8AF9}"
EndProject
Global
	GlobalSection(SolutionConfigurationPlatforms) = preSolution
		Debug|Any CPU = Debug|Any CPU
		Release|Any CPU = Release|Any CPU
	EndGlobalSection
	GlobalSection(ProjectConfigurationPlatforms) = postSolution
		{27EB307C-0EBD-4724-893E-9656672C8AF9}.Debug|Any CPU.ActiveCfg = Debug|Any CPU
		{27EB307C-0EBD-4724-893E-9656672C8AF9}.Debug|Any CPU.Build.0 = Debug|Any CPU
		{27EB307C-0EBD-4724-893E-9656672C8AF9}.Release|Any CPU.ActiveCfg = Release|Any CPU
		{27EB307C-0EBD-4724-893E-9656672C8AF9}.Release|Any CPU.Build.0 = Release|Any CPU
	EndGlobalSection
	GlobalSection(SolutionProperties) = preSolution
		HideSolutionNode = FALSE
	EndGlobalSection
	GlobalSection(ExtensibilityGlobals) = postSolution
		SolutionGuid = {B539085B-7A8A-4BD0-AC55-0D1807160E56}
	EndGlobalSection
EndGlobal
